{
  "nodes": {
    "crane": {
      "locked": {
        "lastModified": 1762189950,
        "narHash": "sha256-aotggLUXjlDGqKWibGPQcMZJGgdr79S21ISrv1Wz6RI=",
        "owner": "ipetkov",
        "repo": "crane",
        "rev": "50700219af884287ad7c85507e2f163b23a027a9",
        "type": "github"
      },
      "original": {
        "owner": "ipetkov",
        "repo": "crane",
        "type": "github"
      }
    },
    "flake-compat": {
      "flake": false,
      "locked": {
        "lastModified": 1767039857,
        "narHash": "sha256-vNpUSpF5Nuw8xvDLj2KCwwksIbjua2LZCqhV1LNRDns=",
        "owner": "edolstra",
        "repo": "flake-compat",
        "rev": "5edf11c44bc78a0d334f6334cdaf7d60d732daab",
        "type": "github"
      },
      "original": {
        "owner": "edolstra",
        "repo": "flake-compat",
        "type": "github"
      }
    },
    "flake-parts": {
      "inputs": {
        "nixpkgs-lib": [
          "nixpkgs"
        ]
      },
      "locked": {
        "lastModified": 1788450739,
        "narHash": "sha256-glZLQlzIn1fXH6PazR2iUmTo7kzzyYSshrWhLS9TqCU=",
        "owner": "hercules-ci",
        "repo": "flake-parts",
        "rev": "31729ca8cbdb4fa927b34e5f4353e6a83f39e993",
        "type": "github"
      },
      "original": {
        "owner": "hercules-ci",
        "repo": "flake-parts",
        "type": "github"
      }
    },
    "hercules-ci-effects": {
      "inputs": {
        "flake-parts": [
          "nixpak",
          "flake-parts"
        ],
        "nixpkgs": [
          "nixpak",
          "nixpkgs"
        ]
      },
      "locked": {
        "lastModified": 1789448436,
        "narHash": "sha256-fknJsE4XnFjUfo87T9jyZ15ivJZB/varWvsJMYk0BNY=",
        "owner": "hercules-ci",
        "repo": "hercules-ci-effects",
        "rev": "6c58de7236d1cd634deea07bd15d52c7ce470bd3",
        "type": "github"
      },
      "original": {
        "owner": "hercules-ci",
        "repo": "hercules-ci-effects",
        "type": "github"
      }
    },
    "home-manager": {
      "inputs": {
        "nixpkgs": [
          "nixpkgs"
        ]
      },
      "locked": {
        "lastModified": 1789652175,
        "narHash": "sha256-OVgwnH7e/GlJRscTPXnJ8wwy6Mh+hk0MedEw360o8U8=",
        "owner": "nix-community",
        "repo": "home-manager",
        "rev": "f2785222a14e90f8c5ad2ff62474ce88453c3421",
        "type": "github"
      },
      "original": {
        "owner": "nix-community",
        "repo": "home-manager",
        "type": "github"
      }
    },
    "nixpak": {
      "inputs": {
        "flake-parts": [
          "flake-parts"
        ],
        "hercules-ci-effects": "hercules-ci-effects",
        "nixpkgs": [
          "nixpkgs"
        ]
      },
      "locked": {
        "lastModified": 1789611914,
        "narHash": "sha256-KwHZMqTRy9OFaT1Z/Lx6jZsPoWXKDS1OXCc80SsmOyk=",
        "owner": "nixpak",
        "repo": "nixpak",
        "rev": "853aa37cf5b5ced298752cc644ffb07cabb741bf",
        "type": "github"
      },
      "original": {
        "owner": "nixpak",
        "repo": "nixpak",
        "type": "github"
      }
    },
    "nixpkgs": {
      "locked": {
        "lastModified": 1789658615,
        "narHash": "sha256-GQrpC5yT6O8b1QQeJlqARuBtpylJM7njnUVyctHB65Y=",
        "owner": "NixOS",
        "repo": "nixpkgs",
        "rev": "f4a6f271f7d9f8f72ef6095267e27df728168185",
        "type": "github"
      },
      "original": {
        "owner": "NixOS",
        "ref": "nixos-unstable-small",
        "repo": "nixpkgs",
        "type": "github"
      }
    },
    "root": {
      "inputs": {
        "flake-compat": "flake-compat",
        "flake-parts": "flake-parts",
        "home-manager": "home-manager",
        "nixpak": "nixpak",
        "nixpkgs": "nixpkgs",
        "searx-randomizer": "searx-randomizer",
        "systems": "systems"
      }
    },
    "searx-randomizer": {
      "inputs": {
        "crane": "crane",
        "nixpkgs": [
          "nixpkgs"
        ]
      },
      "locked": {
        "lastModified": 1762277104,
        "narHash": "sha256-7hAdU+YiphWsXNs5r6CKQ+YVJaBBE1nBFgr3pTummDQ=",
        "owner": "schizofox",
        "repo": "searx-randomizer",
        "rev": "73a690ec270fe5e200abd051c7f142d6e0c1a404",
        "type": "github"
      },
      "original": {
        "owner": "schizofox",
        "repo": "searx-randomizer",
        "type": "github"
      }
    },
    "systems": {
      "locked": {
        "lastModified": 1689347949,
        "narHash": "sha256-12tWmuL2zgBgZkdoB6qXZsgJEH9LR3oUgpaQq2RbI80=",
        "owner": "nix-systems",
        "repo": "default-linux",
        "rev": "31732fcf5e8fea42e59c2488ad31a0e651500f68",
        "type": "github"
      },
      "original": {
        "owner": "nix-systems",
        "repo": "default-linux",
        "type": "github"
      }
    }
  },
  "root": "root",
  "version": 7
}
